
Microsoft Visual Studio Solution File, Format Version 12.00
# Visual Studio Version 16
VisualStudioVersion = 16.0.31911.196
MinimumVisualStudioVersion = 10.0.40219.1
Project("{FAE04EC0-301F-11D3-BF4B-00C04F79EFBC}") = "PR.M.Antuh", "PR.M.Antuh\PR.M.Antuh.csproj", "{FEE67098-9439-4FD0-804A-A2CE7E88325A}"
EndProject
Project("{FAE04EC0-301F-11D3-BF4B-00C04F79EFBC}") = "HashPasswords", "HashPasswords\HashPasswords.csproj", "{F00220D1-2053-4ACB-9639-B8549ADAE413}"
EndProject
Project("{FAE04EC0-301F-11D3-BF4B-00C04F79EFBC}") = "ConsoleAuthorizations", "ConsoleAuthorizations\ConsoleAuthorizations.csproj", "{AFA6CB7A-72FA-4D3C-9C67-7CF50CFF5B6B}"
EndProject
Global
	GlobalSection(SolutionConfigurationPlatforms) = preSolution
		Debug|Any CPU = Debug|Any CPU
		Release|Any CPU = Release|Any CPU
	EndGlobalSection
	GlobalSection(ProjectConfigurationPlatforms) = postSolution
		{FEE67098-9439-4FD0-804A-A2CE7E88325A}.Debug|Any CPU.ActiveCfg = Debug|Any CPU
		{FEE67098-9439-4FD0-804A-A2CE7E88325A}.Debug|Any CPU.Build.0 = Debug|Any CPU
		{FEE67098-9439-4FD0-804A-A2CE7E88325A}.Release|Any CPU.ActiveCfg = Release|Any CPU
		{FEE67098-9439-4FD0-804A-A2CE7E88325A}.Release|Any CPU.Build.0 = Release|Any CPU
		{F00220D1-2053-4ACB-9639-B8549ADAE413}.Debug|Any CPU.ActiveCfg = Debug|Any CPU
		{F00220D1-2053-4ACB-9639-B8549ADAE413}.Debug|Any CPU.Build.0 = Debug|Any CPU
		{F00220D1-2053-4ACB-9639-B8549ADAE413}.Release|Any CPU.ActiveCfg = Release|Any CPU
		{F00220D1-2053-4ACB-9639-B8549ADAE413}.Release|Any CPU.Build.0 = Release|Any CPU
		{AFA6CB7A-72FA-4D3C-9C67-7CF50CFF5B6B}.Debug|Any CPU.ActiveCfg = Debug|Any CPU
		{AFA6CB7A-72FA-4D3C-9C67-7CF50CFF5B6B}.Debug|Any CPU.Build.0 = Debug|Any CPU
		{AFA6CB7A-72FA-4D3C-9C67-7CF50CFF5B6B}.Release|Any CPU.ActiveCfg = Release|Any CPU
		{AFA6CB7A-72FA-4D3C-9C67-7CF50CFF5B6B}.Release|Any CPU.Build.0 = Release|Any CPU
	EndGlobalSection
	GlobalSection(SolutionProperties) = preSolution
		HideSolutionNode = FALSE
	EndGlobalSection
	GlobalSection(ExtensibilityGlobals) = postSolution
		SolutionGuid = {072A6428-448E-45EA-B4BB-A1FA26659200}
	EndGlobalSection
EndGlobal
